// !$*UTF8*$!
{
	archiveVersion = 1;
	classes = {
	};
	objectVersion = 77;
	objects = {

/* Begin PBXBuildFile section */
		A10000000000000000000006 /* ComposableArchitecture in Frameworks */ = {isa = PBXBuildFile; productRef = A70000000000000000000001 /* ComposableArchitecture */; };
		A10000000000000000000007 /* SustainFeatureTests.swift in Sources */ = {isa = PBXBuildFile; fileRef = A20000000000000000000006 /* SustainFeatureTests.swift */; };
		A10000000000000000000008 /* MIDITransportTests.swift in Sources */ = {isa = PBXBuildFile; fileRef = A20000000000000000000007 /* MIDITransportTests.swift */; };
/* End PBXBuildFile section */

/* Begin PBXContainerItemProxy section */
		A30000000000000000000001 /* PBXContainerItemProxy */ = {
			isa = PBXContainerItemProxy;
			containerPortal = A80000000000000000000001 /* Project object */;
			proxyType = 1;
			remoteGlobalIDString = A60000000000000000000001;
			remoteInfo = DigitalSustain;
		};
/* End PBXContainerItemProxy section */

/* Begin PBXFileReference section */
		A20000000000000000000006 /* SustainFeatureTests.swift */ = {isa = PBXFileReference; lastKnownFileType = sourcecode.swift; path = SustainFeatureTests.swift; sourceTree = "<group>"; };
		A20000000000000000000007 /* MIDITransportTests.swift */ = {isa = PBXFileReference; lastKnownFileType = sourcecode.swift; path = MIDITransportTests.swift; sourceTree = "<group>"; };
		A20000000000000000000008 /* DigitalSustain.app */ = {isa = PBXFileReference; explicitFileType = wrapper.application; includeInIndex = 0; path = DigitalSustain.app; sourceTree = BUILT_PRODUCTS_DIR; };
		A20000000000000000000009 /* DigitalSustainTests.xctest */ = {isa = PBXFileReference; explicitFileType = wrapper.cfbundle; includeInIndex = 0; path = DigitalSustainTests.xctest; sourceTree = BUILT_PRODUCTS_DIR; };
/* End PBXFileReference section */

/* Begin PBXFileSystemSynchronizedRootGroup section */
		A50000000000000000000002 /* DigitalSustain */ = {
			isa = PBXFileSystemSynchronizedRootGroup;
			path = DigitalSustain;
			sourceTree = "<group>";
		};
/* End PBXFileSystemSynchronizedRootGroup section */

/* Begin PBXFrameworksBuildPhase section */
		A40000000000000000000001 /* Frameworks */ = {
			isa = PBXFrameworksBuildPhase;
			buildActionMask = 2147483647;
			files = (
				A10000000000000000000006 /* ComposableArchitecture in Frameworks */,
			);
			runOnlyForDeploymentPostprocessing = 0;
		};
		A40000000000000000000002 /* Frameworks */ = {
			isa = PBXFrameworksBuildPhase;
			buildActionMask = 2147483647;
			files = (
			);
			runOnlyForDeploymentPostprocessing = 0;
		};
/* End PBXFrameworksBuildPhase section */

/* Begin PBXGroup section */
		A50000000000000000000001 = {
			isa = PBXGroup;
			children = (
				A50000000000000000000002 /* DigitalSustain */,
				A50000000000000000000006 /* DigitalSustainTests */,
				A50000000000000000000007 /* Products */,
			);
			sourceTree = "<group>";
		};
		A50000000000000000000006 /* DigitalSustainTests */ = {
			isa = PBXGroup;
			children = (
				A20000000000000000000006 /* SustainFeatureTests.swift */,
				A20000000000000000000007 /* MIDITransportTests.swift */,
			);
			path = DigitalSustainTests;
			sourceTree = "<group>";
		};
		A50000000000000000000007 /* Products */ = {
			isa = PBXGroup;
			children = (
				A20000000000000000000008 /* DigitalSustain.app */,
				A20000000000000000000009 /* DigitalSustainTests.xctest */,
			);
			name = Products;
			sourceTree = "<group>";
		};
/* End PBXGroup section */

/* Begin PBXNativeTarget section */
		A60000000000000000000001 /* DigitalSustain */ = {
			isa = PBXNativeTarget;
			buildConfigurationList = A90000000000000000000002 /* Build configuration list for PBXNativeTarget "DigitalSustain" */;
			buildPhases = (
				A40000000000000000000001 /* Frameworks */,
				AA00000000000000000000001 /* Sources */,
			);
			buildRules = (
			);
			dependencies = (
			);
			fileSystemSynchronizedGroups = (
				A50000000000000000000002 /* DigitalSustain */,
			);
			name = DigitalSustain;
			packageProductDependencies = (
				A70000000000000000000001 /* ComposableArchitecture */,
			);
			productName = DigitalSustain;
			productReference = A20000000000000000000008 /* DigitalSustain.app */;
			productType = "com.apple.product-type.application";
		};
		A60000000000000000000002 /* DigitalSustainTests */ = {
			isa = PBXNativeTarget;
			buildConfigurationList = A90000000000000000000003 /* Build configuration list for PBXNativeTarget "DigitalSustainTests" */;
			buildPhases = (
				A40000000000000000000002 /* Frameworks */,
				AA00000000000000000000002 /* Sources */,
			);
			buildRules = (
			);
			dependencies = (
				AB00000000000000000000001 /* PBXTargetDependency */,
			);
			name = DigitalSustainTests;
			packageProductDependencies = (
			);
			productName = DigitalSustainTests;
			productReference = A20000000000000000000009 /* DigitalSustainTests.xctest */;
			productType = "com.apple.product-type.bundle.unit-test";
		};
/* End PBXNativeTarget section */

/* Begin PBXProject section */
		A80000000000000000000001 /* Project object */ = {
			isa = PBXProject;
			attributes = {
				BuildIndependentTargetsInParallel = 1;
				LastSwiftUpdateCheck = 2660;
				LastUpgradeCheck = 2660;
				TargetAttributes = {
					A60000000000000000000001 = {
						CreatedOnToolsVersion = 26.6;
					};
					A60000000000000000000002 = {
						CreatedOnToolsVersion = 26.6;
						TestTargetID = A60000000000000000000001;
					};
				};
			};
			buildConfigurationList = A90000000000000000000001 /* Build configuration list for PBXProject "DigitalSustain" */;
			developmentRegion = en;
			hasScannedForEncodings = 0;
			knownRegions = (
				en,
				Base,
			);
			mainGroup = A50000000000000000000001;
			minimizedProjectReferenceProxies = 1;
			packageReferences = (
				A70000000000000000000003 /* XCRemoteSwiftPackageReference "swift-composable-architecture" */,
			);
			preferredProjectObjectVersion = 77;
			productRefGroup = A50000000000000000000007 /* Products */;
			projectDirPath = "";
			projectRoot = "";
			targets = (
				A60000000000000000000001 /* DigitalSustain */,
				A60000000000000000000002 /* DigitalSustainTests */,
			);
		};
/* End PBXProject section */

/* Begin PBXSourcesBuildPhase section */
		AA00000000000000000000001 /* Sources */ = {
			isa = PBXSourcesBuildPhase;
			buildActionMask = 2147483647;
			files = (
			);
			runOnlyForDeploymentPostprocessing = 0;
		};
		AA00000000000000000000002 /* Sources */ = {
			isa = PBXSourcesBuildPhase;
			buildActionMask = 2147483647;
			files = (
				A10000000000000000000007 /* SustainFeatureTests.swift in Sources */,
				A10000000000000000000008 /* MIDITransportTests.swift in Sources */,
			);
			runOnlyForDeploymentPostprocessing = 0;
		};
/* End PBXSourcesBuildPhase section */

/* Begin PBXTargetDependency section */
		AB00000000000000000000001 /* PBXTargetDependency */ = {
			isa = PBXTargetDependency;
			target = A60000000000000000000001 /* DigitalSustain */;
			targetProxy = A30000000000000000000001 /* PBXContainerItemProxy */;
		};
/* End PBXTargetDependency section */

/* Begin XCBuildConfiguration section */
		AC00000000000000000000001 /* Debug */ = {
			isa = XCBuildConfiguration;
			buildSettings = {
				ALWAYS_SEARCH_USER_PATHS = NO;
				CLANG_CXX_LANGUAGE_STANDARD = "gnu++20";
				CLANG_ENABLE_MODULES = YES;
				CLANG_ENABLE_OBJC_ARC = YES;
				CLANG_WARN_QUOTED_INCLUDE_IN_FRAMEWORK_HEADER = YES;
				GCC_C_LANGUAGE_STANDARD = gnu17;
				SWIFT_VERSION = 5.0;
			};
			name = Debug;
		};
		AC00000000000000000000002 /* Release */ = {
			isa = XCBuildConfiguration;
			buildSettings = {
				ALWAYS_SEARCH_USER_PATHS = NO;
				CLANG_CXX_LANGUAGE_STANDARD = "gnu++20";
				CLANG_ENABLE_MODULES = YES;
				CLANG_ENABLE_OBJC_ARC = YES;
				GCC_C_LANGUAGE_STANDARD = gnu17;
				SWIFT_COMPILATION_MODE = wholemodule;
				SWIFT_VERSION = 5.0;
			};
			name = Release;
		};
		AC00000000000000000000003 /* Debug */ = {
			isa = XCBuildConfiguration;
			buildSettings = {
				ASSETCATALOG_COMPILER_APPICON_NAME = AppIcon;
				CODE_SIGN_STYLE = Automatic;
				CURRENT_PROJECT_VERSION = 1;
				DEVELOPMENT_TEAM = 4DBK84V38Z;
				ENABLE_TESTABILITY = YES;
				GENERATE_INFOPLIST_FILE = NO;
				INFOPLIST_FILE = DigitalSustain/Info.plist;
				IPHONEOS_DEPLOYMENT_TARGET = 17.0;
				MARKETING_VERSION = 1.0;
				PRODUCT_BUNDLE_IDENTIFIER = com.jasonaa.DigitalSustain;
				PRODUCT_NAME = "$(TARGET_NAME)";
				SDKROOT = iphoneos;
				SUPPORTED_PLATFORMS = "iphoneos iphonesimulator";
				SUPPORTS_MACCATALYST = NO;
				SUPPORTS_VISIONOS = NO;
				TARGETED_DEVICE_FAMILY = 2;
			};
			name = Debug;
		};
		AC00000000000000000000004 /* Release */ = {
			isa = XCBuildConfiguration;
			buildSettings = {
				ASSETCATALOG_COMPILER_APPICON_NAME = AppIcon;
				CODE_SIGN_STYLE = Automatic;
				CURRENT_PROJECT_VERSION = 1;
				DEVELOPMENT_TEAM = 4DBK84V38Z;
				GENERATE_INFOPLIST_FILE = NO;
				INFOPLIST_FILE = DigitalSustain/Info.plist;
				IPHONEOS_DEPLOYMENT_TARGET = 17.0;
				MARKETING_VERSION = 1.0;
				PRODUCT_BUNDLE_IDENTIFIER = com.jasonaa.DigitalSustain;
				PRODUCT_NAME = "$(TARGET_NAME)";
				SDKROOT = iphoneos;
				SUPPORTED_PLATFORMS = "iphoneos iphonesimulator";
				SUPPORTS_MACCATALYST = NO;
				SUPPORTS_VISIONOS = NO;
				TARGETED_DEVICE_FAMILY = 2;
			};
			name = Release;
		};
		AC00000000000000000000005 /* Debug */ = {
			isa = XCBuildConfiguration;
			buildSettings = {
				BUNDLE_LOADER = "$(TEST_HOST)";
				CODE_SIGN_STYLE = Automatic;
				GENERATE_INFOPLIST_FILE = YES;
				IPHONEOS_DEPLOYMENT_TARGET = 17.0;
				PRODUCT_BUNDLE_IDENTIFIER = com.jasonaa.DigitalSustainTests;
				PRODUCT_NAME = "$(TARGET_NAME)";
				SDKROOT = iphoneos;
				SUPPORTED_PLATFORMS = "iphoneos iphonesimulator";
				SWIFT_VERSION = 5.0;
				TARGETED_DEVICE_FAMILY = 2;
				TEST_HOST = "$(BUILT_PRODUCTS_DIR)/DigitalSustain.app/$(BUNDLE_EXECUTABLE_FOLDER_PATH)/DigitalSustain";
			};
			name = Debug;
		};
		AC00000000000000000000006 /* Release */ = {
			isa = XCBuildConfiguration;
			buildSettings = {
				BUNDLE_LOADER = "$(TEST_HOST)";
				CODE_SIGN_STYLE = Automatic;
				GENERATE_INFOPLIST_FILE = YES;
				IPHONEOS_DEPLOYMENT_TARGET = 17.0;
				PRODUCT_BUNDLE_IDENTIFIER = com.jasonaa.DigitalSustainTests;
				PRODUCT_NAME = "$(TARGET_NAME)";
				SDKROOT = iphoneos;
				SUPPORTED_PLATFORMS = "iphoneos iphonesimulator";
				SWIFT_VERSION = 5.0;
				TARGETED_DEVICE_FAMILY = 2;
				TEST_HOST = "$(BUILT_PRODUCTS_DIR)/DigitalSustain.app/$(BUNDLE_EXECUTABLE_FOLDER_PATH)/DigitalSustain";
			};
			name = Release;
		};
/* End XCBuildConfiguration section */

/* Begin XCConfigurationList section */
		A90000000000000000000001 /* Build configuration list for PBXProject "DigitalSustain" */ = {
			isa = XCConfigurationList;
			buildConfigurations = (
				AC00000000000000000000001 /* Debug */,
				AC00000000000000000000002 /* Release */,
			);
			defaultConfigurationIsVisible = 0;
			defaultConfigurationName = Release;
		};
		A90000000000000000000002 /* Build configuration list for PBXNativeTarget "DigitalSustain" */ = {
			isa = XCConfigurationList;
			buildConfigurations = (
				AC00000000000000000000003 /* Debug */,
				AC00000000000000000000004 /* Release */,
			);
			defaultConfigurationIsVisible = 0;
			defaultConfigurationName = Release;
		};
		A90000000000000000000003 /* Build configuration list for PBXNativeTarget "DigitalSustainTests" */ = {
			isa = XCConfigurationList;
			buildConfigurations = (
				AC00000000000000000000005 /* Debug */,
				AC00000000000000000000006 /* Release */,
			);
			defaultConfigurationIsVisible = 0;
			defaultConfigurationName = Release;
		};
/* End XCConfigurationList section */

/* Begin XCRemoteSwiftPackageReference section */
		A70000000000000000000003 /* XCRemoteSwiftPackageReference "swift-composable-architecture" */ = {
			isa = XCRemoteSwiftPackageReference;
			repositoryURL = "https://github.com/pointfreeco/swift-composable-architecture";
			requirement = {
				kind = upToNextMajorVersion;
				minimumVersion = 1.26.2;
			};
		};
/* End XCRemoteSwiftPackageReference section */

/* Begin XCSwiftPackageProductDependency section */
		A70000000000000000000001 /* ComposableArchitecture */ = {
			isa = XCSwiftPackageProductDependency;
			package = A70000000000000000000003 /* XCRemoteSwiftPackageReference "swift-composable-architecture" */;
			productName = ComposableArchitecture;
		};
/* End XCSwiftPackageProductDependency section */
	};
	rootObject = A80000000000000000000001 /* Project object */;
}
